PODS:
  - CollectionKit (2.4.0):
    - CollectionKit/Core (= 2.4.0)
  - CollectionKit/Core (2.4.0)
  - ImageViewer (6.0.0)
  - NVActivityIndicatorView (4.8.0):
    - NVActivityIndicatorView/Presenter (= 4.8.0)
  - NVActivityIndicatorView/Presenter (4.8.0)
  - OZChattingUI (0.1.5):
    - CollectionKit (~> 2.4.0)
    - NVActivityIndicatorView (~> 4.8.0)
    - YetAnotherAnimationLibrary (~> 1.4.0)
  - YetAnotherAnimationLibrary (1.4.0)

DEPENDENCIES:
  - CollectionKit
  - ImageViewer
  - NVActivityIndicatorView
  - OZChattingUI (from `../`)
  - YetAnotherAnimationLibrary

SPEC REPOS:
  trunk:
    - CollectionKit
    - ImageViewer
    - NVActivityIndicatorView
    - YetAnotherAnimationLibrary

EXTERNAL SOURCES:
  OZChattingUI:
    :path: "../"

SPEC CHECKSUMS:
  CollectionKit: 8f01e7629185bb81072c4aa734d105df5c2d1c8b
  ImageViewer: cb88ef1c0ba19161bc10702adfdcebc116a7a59d
  NVActivityIndicatorView: d24b7ebcf80af5dcd994adb650e2b6c93379270f
  OZChattingUI: 4b13259e2ec13de0b7d60a88dd52e0e4b209b98f
  YetAnotherAnimationLibrary: 7f808b10c2d193dd3e82407e722fa60aa0bdff2d

PODFILE CHECKSUM: b4d94d25c2a76eadd3aac30ed60d5a57b19d4e18

COCOAPODS: 1.9.2
